
Microsoft Visual Studio Solution File, Format Version 12.00
# Visual Studio Version 16
VisualStudioVersion = 16.0.30523.141
MinimumVisualStudioVersion = 10.0.40219.1
Project("{FAE04EC0-301F-11D3-BF4B-00C04F79EFBC}") = "NumericFunction", "NumericFunction.csproj", "{C5894EDB-7209-4EFC-B333-1A7D16D7AD65}"
EndProject
Global
	GlobalSection(SolutionConfigurationPlatforms) = preSolution
		Debug|Any CPU = Debug|Any CPU
		Release|Any CPU = Release|Any CPU
	EndGlobalSection
	GlobalSection(ProjectConfigurationPlatforms) = postSolution
		{C5894EDB-7209-4EFC-B333-1A7D16D7AD65}.Debug|Any CPU.ActiveCfg = Debug|Any CPU
		{C5894EDB-7209-4EFC-B333-1A7D16D7AD65}.Debug|Any CPU.Build.0 = Debug|Any CPU
		{C5894EDB-7209-4EFC-B333-1A7D16D7AD65}.Release|Any CPU.ActiveCfg = Release|Any CPU
		{C5894EDB-7209-4EFC-B333-1A7D16D7AD65}.Release|Any CPU.Build.0 = Release|Any CPU
	EndGlobalSection
	GlobalSection(SolutionProperties) = preSolution
		HideSolutionNode = FALSE
	EndGlobalSection
	GlobalSection(ExtensibilityGlobals) = postSolution
		SolutionGuid = {97EF74ED-2B10-40FC-8DA0-13B463F2D561}
	EndGlobalSection
EndGlobal
